Microsoft Visual Studio Solution File, Format Version 11.00
# Visual Studio 2008

Project("{989F0AD8-D99B-C80C-E4A8-872B7074CF1E}") = "ZinethMappingKit", "Assembly-CSharp.csproj", "{6B96C3F6-A5D4-4873-E0EB-23CF5B751CA4}"
EndProject
Project("{989F0AD8-D99B-C80C-E4A8-872B7074CF1E}") = "ZinethMappingKit", "Assembly-CSharp-Editor.csproj", "{247570ED-113D-CEC1-04A5-1B5AF1250D8A}"
EndProject
Global
	GlobalSection(SolutionConfigurationPlatforms) = preSolution
		Debug|Any CPU = Debug|Any CPU
		Release|Any CPU = Release|Any CPU
	EndGlobalSection
	GlobalSection(ProjectConfigurationPlatforms) = postSolution
		{6B96C3F6-A5D4-4873-E0EB-23CF5B751CA4}.Debug|Any CPU.ActiveCfg = Debug|Any CPU
		{6B96C3F6-A5D4-4873-E0EB-23CF5B751CA4}.Debug|Any CPU.Build.0 = Debug|Any CPU
		{6B96C3F6-A5D4-4873-E0EB-23CF5B751CA4}.Release|Any CPU.ActiveCfg = Release|Any CPU
		{6B96C3F6-A5D4-4873-E0EB-23CF5B751CA4}.Release|Any CPU.Build.0 = Release|Any CPU
		{247570ED-113D-CEC1-04A5-1B5AF1250D8A}.Debug|Any CPU.ActiveCfg = Debug|Any CPU
		{247570ED-113D-CEC1-04A5-1B5AF1250D8A}.Debug|Any CPU.Build.0 = Debug|Any CPU
		{247570ED-113D-CEC1-04A5-1B5AF1250D8A}.Release|Any CPU.ActiveCfg = Release|Any CPU
		{247570ED-113D-CEC1-04A5-1B5AF1250D8A}.Release|Any CPU.Build.0 = Release|Any CPU
	EndGlobalSection
	GlobalSection(SolutionProperties) = preSolution
		HideSolutionNode = FALSE
	EndGlobalSection
																																GlobalSection(MonoDevelopProperties) = preSolution
		StartupItem = Assembly-CSharp.csproj
		Policies = $0
		$0.TextStylePolicy = $1
		$1.inheritsSet = null
		$1.scope = text/x-csharp
		$0.CSharpFormattingPolicy = $2
		$2.inheritsSet = Mono
		$2.inheritsScope = text/x-csharp
		$2.scope = text/x-csharp
		$0.TextStylePolicy = $3
		$3.FileWidth = 120
		$3.TabWidth = 4
		$3.EolMarker = Unix
		$3.inheritsSet = Mono
		$3.inheritsScope = text/plain
		$3.scope = text/plain
	EndGlobalSection

EndGlobal
